
Microsoft Visual Studio Solution File, Format Version 12.00
# Visual Studio Version 17
VisualStudioVersion = 17.10.35004.147
MinimumVisualStudioVersion = 10.0.40219.1
Project("{8BC9CEB8-8B4A-11D0-8D11-00A0C91BC942}") = "Simple Contact Management System", "Simple Contact Management System\Simple Contact Management System.vcxproj", "{B5A0C90A-30E1-4207-A979-C521235919F6}"
EndProject
Global
	GlobalSection(SolutionConfigurationPlatforms) = preSolution
		Debug|x64 = Debug|x64
		Debug|x86 = Debug|x86
		Release|x64 = Release|x64
		Release|x86 = Release|x86
	EndGlobalSection
	GlobalSection(ProjectConfigurationPlatforms) = postSolution
		{B5A0C90A-30E1-4207-A979-C521235919F6}.Debug|x64.ActiveCfg = Debug|x64
		{B5A0C90A-30E1-4207-A979-C521235919F6}.Debug|x64.Build.0 = Debug|x64
		{B5A0C90A-30E1-4207-A979-C521235919F6}.Debug|x86.ActiveCfg = Debug|Win32
		{B5A0C90A-30E1-4207-A979-C521235919F6}.Debug|x86.Build.0 = Debug|Win32
		{B5A0C90A-30E1-4207-A979-C521235919F6}.Release|x64.ActiveCfg = Release|x64
		{B5A0C90A-30E1-4207-A979-C521235919F6}.Release|x64.Build.0 = Release|x64
		{B5A0C90A-30E1-4207-A979-C521235919F6}.Release|x86.ActiveCfg = Release|Win32
		{B5A0C90A-30E1-4207-A979-C521235919F6}.Release|x86.Build.0 = Release|Win32
	EndGlobalSection
	GlobalSection(SolutionProperties) = preSolution
		HideSolutionNode = FALSE
	EndGlobalSection
	GlobalSection(ExtensibilityGlobals) = postSolution
		SolutionGuid = {C5876930-B58A-4AA0-8561-4449E5272985}
	EndGlobalSection
EndGlobal
